
Microsoft Visual Studio Solution File, Format Version 12.00
# Visual Studio Version 17
VisualStudioVersion = 17.12.35707.178
MinimumVisualStudioVersion = 10.0.40219.1
Project("{FAE04EC0-301F-11D3-BF4B-00C04F79EFBC}") = "TheImitationGame.Api", "TheImitationGame.Api.csproj", "{AF1461D6-5DF4-43A3-9921-8156967244E2}"
EndProject
Project("{FAE04EC0-301F-11D3-BF4B-00C04F79EFBC}") = "TheImitationGame.Tests", "..\TheImitationGame.Tests\TheImitationGame.Tests.csproj", "{8B6F05BB-4637-4B6C-A7F8-38B289DFBDDD}"
EndProject
Global
	GlobalSection(SolutionConfigurationPlatforms) = preSolution
		Debug|Any CPU = Debug|Any CPU
		Release|Any CPU = Release|Any CPU
	EndGlobalSection
	GlobalSection(ProjectConfigurationPlatforms) = postSolution
		{AF1461D6-5DF4-43A3-9921-8156967244E2}.Debug|Any CPU.ActiveCfg = Debug|Any CPU
		{AF1461D6-5DF4-43A3-9921-8156967244E2}.Debug|Any CPU.Build.0 = Debug|Any CPU
		{AF1461D6-5DF4-43A3-9921-8156967244E2}.Release|Any CPU.ActiveCfg = Release|Any CPU
		{AF1461D6-5DF4-43A3-9921-8156967244E2}.Release|Any CPU.Build.0 = Release|Any CPU
		{8B6F05BB-4637-4B6C-A7F8-38B289DFBDDD}.Debug|Any CPU.ActiveCfg = Debug|Any CPU
		{8B6F05BB-4637-4B6C-A7F8-38B289DFBDDD}.Debug|Any CPU.Build.0 = Debug|Any CPU
		{8B6F05BB-4637-4B6C-A7F8-38B289DFBDDD}.Release|Any CPU.ActiveCfg = Release|Any CPU
		{8B6F05BB-4637-4B6C-A7F8-38B289DFBDDD}.Release|Any CPU.Build.0 = Release|Any CPU
	EndGlobalSection
	GlobalSection(SolutionProperties) = preSolution
		HideSolutionNode = FALSE
	EndGlobalSection
EndGlobal
